
Microsoft Visual Studio Solution File, Format Version 12.00
# Visual Studio Version 16
VisualStudioVersion = 16.0.29324.140
MinimumVisualStudioVersion = 10.0.40219.1
Project("{FAE04EC0-301F-11D3-BF4B-00C04F79EFBC}") = "Sacrament Planner", "Sacrament Planner\Sacrament Planner.csproj", "{1C0F8B44-C967-42E6-BD81-CD151A1099BE}"
EndProject
Global
	GlobalSection(SolutionConfigurationPlatforms) = preSolution
		Debug|Any CPU = Debug|Any CPU
		Release|Any CPU = Release|Any CPU
	EndGlobalSection
	GlobalSection(ProjectConfigurationPlatforms) = postSolution
		{1C0F8B44-C967-42E6-BD81-CD151A1099BE}.Debug|Any CPU.ActiveCfg = Debug|Any CPU
		{1C0F8B44-C967-42E6-BD81-CD151A1099BE}.Debug|Any CPU.Build.0 = Debug|Any CPU
		{1C0F8B44-C967-42E6-BD81-CD151A1099BE}.Release|Any CPU.ActiveCfg = Release|Any CPU
		{1C0F8B44-C967-42E6-BD81-CD151A1099BE}.Release|Any CPU.Build.0 = Release|Any CPU
	EndGlobalSection
	GlobalSection(SolutionProperties) = preSolution
		HideSolutionNode = FALSE
	EndGlobalSection
	GlobalSection(ExtensibilityGlobals) = postSolution
		SolutionGuid = {891D2B00-5D67-422B-947A-A39AA23CD63F}
	EndGlobalSection
EndGlobal
